
Microsoft Visual Studio Solution File, Format Version 12.00
# Visual Studio Version 16
VisualStudioVersion = 16.0.31313.79
MinimumVisualStudioVersion = 10.0.40219.1
Project("{FAE04EC0-301F-11D3-BF4B-00C04F79EFBC}") = "BankAccounts", "BankAccounts\BankAccounts.csproj", "{136F3ABC-B26D-4F8C-BD59-986A670C7358}"
EndProject
Project("{FAE04EC0-301F-11D3-BF4B-00C04F79EFBC}") = "ConsoleUI", "ConsoleUI\ConsoleUI.csproj", "{6D9FDBD5-EFA1-41DA-872A-C6B4B81941FE}"
EndProject
Project("{FAE04EC0-301F-11D3-BF4B-00C04F79EFBC}") = "WindowsUI", "WindowsUI\WindowsUI.csproj", "{A90D908A-EA82-4853-B785-4840F1447D8B}"
EndProject
Global
	GlobalSection(SolutionConfigurationPlatforms) = preSolution
		Debug|Any CPU = Debug|Any CPU
		Release|Any CPU = Release|Any CPU
	EndGlobalSection
	GlobalSection(ProjectConfigurationPlatforms) = postSolution
		{136F3ABC-B26D-4F8C-BD59-986A670C7358}.Debug|Any CPU.ActiveCfg = Debug|Any CPU
		{136F3ABC-B26D-4F8C-BD59-986A670C7358}.Debug|Any CPU.Build.0 = Debug|Any CPU
		{136F3ABC-B26D-4F8C-BD59-986A670C7358}.Release|Any CPU.ActiveCfg = Release|Any CPU
		{136F3ABC-B26D-4F8C-BD59-986A670C7358}.Release|Any CPU.Build.0 = Release|Any CPU
		{6D9FDBD5-EFA1-41DA-872A-C6B4B81941FE}.Debug|Any CPU.ActiveCfg = Debug|Any CPU
		{6D9FDBD5-EFA1-41DA-872A-C6B4B81941FE}.Debug|Any CPU.Build.0 = Debug|Any CPU
		{6D9FDBD5-EFA1-41DA-872A-C6B4B81941FE}.Release|Any CPU.ActiveCfg = Release|Any CPU
		{6D9FDBD5-EFA1-41DA-872A-C6B4B81941FE}.Release|Any CPU.Build.0 = Release|Any CPU
		{A90D908A-EA82-4853-B785-4840F1447D8B}.Debug|Any CPU.ActiveCfg = Debug|Any CPU
		{A90D908A-EA82-4853-B785-4840F1447D8B}.Debug|Any CPU.Build.0 = Debug|Any CPU
		{A90D908A-EA82-4853-B785-4840F1447D8B}.Release|Any CPU.ActiveCfg = Release|Any CPU
		{A90D908A-EA82-4853-B785-4840F1447D8B}.Release|Any CPU.Build.0 = Release|Any CPU
	EndGlobalSection
	GlobalSection(SolutionProperties) = preSolution
		HideSolutionNode = FALSE
	EndGlobalSection
	GlobalSection(ExtensibilityGlobals) = postSolution
		SolutionGuid = {384FE8DE-75E2-4B8D-8C7C-38B3816309B1}
	EndGlobalSection
EndGlobal
